
Microsoft Visual Studio Solution File, Format Version 12.00
# Visual Studio Version 16
VisualStudioVersion = 16.0.33423.256
MinimumVisualStudioVersion = 10.0.40219.1
Project("{8BC9CEB8-8B4A-11D0-8D11-00A0C91BC942}") = "LongestSubstringWithoutRepeatingChar", "LongestSubstringWithoutRepeatingChar\LongestSubstringWithoutRepeatingChar.vcxproj", "{43687BD4-A054-405A-9101-A1370DC02B0F}"
EndProject
Global
	GlobalSection(SolutionConfigurationPlatforms) = preSolution
		Debug|x64 = Debug|x64
		Debug|x86 = Debug|x86
		Release|x64 = Release|x64
		Release|x86 = Release|x86
	EndGlobalSection
	GlobalSection(ProjectConfigurationPlatforms) = postSolution
		{43687BD4-A054-405A-9101-A1370DC02B0F}.Debug|x64.ActiveCfg = Debug|x64
		{43687BD4-A054-405A-9101-A1370DC02B0F}.Debug|x64.Build.0 = Debug|x64
		{43687BD4-A054-405A-9101-A1370DC02B0F}.Debug|x86.ActiveCfg = Debug|Win32
		{43687BD4-A054-405A-9101-A1370DC02B0F}.Debug|x86.Build.0 = Debug|Win32
		{43687BD4-A054-405A-9101-A1370DC02B0F}.Release|x64.ActiveCfg = Release|x64
		{43687BD4-A054-405A-9101-A1370DC02B0F}.Release|x64.Build.0 = Release|x64
		{43687BD4-A054-405A-9101-A1370DC02B0F}.Release|x86.ActiveCfg = Release|Win32
		{43687BD4-A054-405A-9101-A1370DC02B0F}.Release|x86.Build.0 = Release|Win32
	EndGlobalSection
	GlobalSection(SolutionProperties) = preSolution
		HideSolutionNode = FALSE
	EndGlobalSection
	GlobalSection(ExtensibilityGlobals) = postSolution
		SolutionGuid = {14BC28A2-68F8-4B1F-801C-B37B9D32C13E}
	EndGlobalSection
EndGlobal
